
Microsoft Visual Studio Solution File, Format Version 12.00
# Visual Studio Version 16
VisualStudioVersion = 16.0.29709.97
MinimumVisualStudioVersion = 10.0.40219.1
Project("{FAE04EC0-301F-11D3-BF4B-00C04F79EFBC}") = "XProject", "XProject\XProject.csproj", "{754CAFCF-AEBD-4F00-9A8E-3172392AD097}"
EndProject
Global
	GlobalSection(SolutionConfigurationPlatforms) = preSolution
		Debug|Any CPU = Debug|Any CPU
		Release|Any CPU = Release|Any CPU
	EndGlobalSection
	GlobalSection(ProjectConfigurationPlatforms) = postSolution
		{754CAFCF-AEBD-4F00-9A8E-3172392AD097}.Debug|Any CPU.ActiveCfg = Debug|Any CPU
		{754CAFCF-AEBD-4F00-9A8E-3172392AD097}.Debug|Any CPU.Build.0 = Debug|Any CPU
		{754CAFCF-AEBD-4F00-9A8E-3172392AD097}.Release|Any CPU.ActiveCfg = Release|Any CPU
		{754CAFCF-AEBD-4F00-9A8E-3172392AD097}.Release|Any CPU.Build.0 = Release|Any CPU
	EndGlobalSection
	GlobalSection(SolutionProperties) = preSolution
		HideSolutionNode = FALSE
	EndGlobalSection
	GlobalSection(ExtensibilityGlobals) = postSolution
		SolutionGuid = {1F626E16-1D6D-47EE-BBFB-6503270B9178}
	EndGlobalSection
EndGlobal
